{
  "version": "5",
  "specifiers": {
    "jsr:@hono/hono@^4.4.13": "4.13.13"
  },
  "jsr": {
    "@hono/hono@4.13.13": {
      "integrity": "dec817b8600fc2835c259d875a69e849a706f6d25e8d0643d75c97f7d0afcdf8"
    }
  },
  "workspace": {
    "dependencies": [
      "jsr:@hono/hono@^4.4.13"
    ]
  }
}
