{
  "version": "5",
  "specifiers": {
    "jsr:@hono/hono@^4.4.13": "4.12.22"
  },
  "jsr": {
    "@hono/hono@4.12.22": {
      "integrity": "d3a5ad85e8f3b567f3da06d054dcb73eb8ddb7cbb57b4e04c3159d54e686b67e"
    }
  },
  "workspace": {
    "dependencies": [
      "jsr:@hono/hono@^4.4.13"
    ]
  }
}
